// !$*UTF8*$!
{
	archiveVersion = 1;
	classes = {
	};
	objectVersion = 77;
	objects = {

/* Begin PBXBuildFile section */
		881649232D2ECA8E00700C66 /* FirebaseAuth in Frameworks */ = {isa = PBXBuildFile; productRef = 881649222D2ECA8E00700C66 /* FirebaseAuth */; };
		881649252D2ECAB600700C66 /* FirebaseCore in Frameworks */ = {isa = PBXBuildFile; productRef = 881649242D2ECAB600700C66 /* FirebaseCore */; };
		881649272D301F3D00700C66 /* FirebaseFirestore in Frameworks */ = {isa = PBXBuildFile; productRef = 881649262D301F3D00700C66 /* FirebaseFirestore */; };
		88D525C12D2E220500CB4A70 /* FirebaseAnalytics in Frameworks */ = {isa = PBXBuildFile; productRef = 88D525C02D2E220500CB4A70 /* FirebaseAnalytics */; };
		88D525C32D2E220500CB4A70 /* FirebaseAnalyticsOnDeviceConversion in Frameworks */ = {isa = PBXBuildFile; productRef = 88D525C22D2E220500CB4A70 /* FirebaseAnalyticsOnDeviceConversion */; };
		88D525C52D2E220500CB4A70 /* FirebaseAnalyticsWithoutAdIdSupport in Frameworks */ = {isa = PBXBuildFile; productRef = 88D525C42D2E220500CB4A70 /* FirebaseAnalyticsWithoutAdIdSupport */; };
		88D525C72D2E220500CB4A70 /* FirebaseAppCheck in Frameworks */ = {isa = PBXBuildFile; productRef = 88D525C62D2E220500CB4A70 /* FirebaseAppCheck */; };
		88D525C92D2E220500CB4A70 /* FirebaseAppDistribution-Beta in Frameworks */ = {isa = PBXBuildFile; productRef = 88D525C82D2E220500CB4A70 /* FirebaseAppDistribution-Beta */; };
/* End PBXBuildFile section */

/* Begin PBXContainerItemProxy section */
		88DF77982D2B2ADB00539E8A /* PBXContainerItemProxy */ = {
			isa = PBXContainerItemProxy;
			containerPortal = 88DF777F2D2B2ADA00539E8A /* Project object */;
			proxyType = 1;
			remoteGlobalIDString = 88DF77862D2B2ADA00539E8A;
			remoteInfo = Connex;
		};
		88DF77A22D2B2ADB00539E8A /* PBXContainerItemProxy */ = {
			isa = PBXContainerItemProxy;
			containerPortal = 88DF777F2D2B2ADA00539E8A /* Project object */;
			proxyType = 1;
			remoteGlobalIDString = 88DF77862D2B2ADA00539E8A;
			remoteInfo = Connex;
		};
/* End PBXContainerItemProxy section */

/* Begin PBXFileReference section */
		88DF77872D2B2ADA00539E8A /* Connex.app */ = {isa = PBXFileReference; explicitFileType = wrapper.application; includeInIndex = 0; path = Connex.app; sourceTree = BUILT_PRODUCTS_DIR; };
		88DF77972D2B2ADB00539E8A /* ConnexTests.xctest */ = {isa = PBXFileReference; explicitFileType = wrapper.cfbundle; includeInIndex = 0; path = ConnexTests.xctest; sourceTree = BUILT_PRODUCTS_DIR; };
		88DF77A12D2B2ADB00539E8A /* ConnexUITests.xctest */ = {isa = PBXFileReference; explicitFileType = wrapper.cfbundle; includeInIndex = 0; path = ConnexUITests.xctest; sourceTree = BUILT_PRODUCTS_DIR; };
/* End PBXFileReference section */

/* Begin PBXFileSystemSynchronizedRootGroup section */
		88DF77892D2B2ADA00539E8A /* Connex */ = {
			isa = PBXFileSystemSynchronizedRootGroup;
			path = Connex;
			sourceTree = "<group>";
		};
		88DF779A2D2B2ADB00539E8A /* ConnexTests */ = {
			isa = PBXFileSystemSynchronizedRootGroup;
			path = ConnexTests;
			sourceTree = "<group>";
		};
		88DF77A42D2B2ADB00539E8A /* ConnexUITests */ = {
			isa = PBXFileSystemSynchronizedRootGroup;
			path = ConnexUITests;
			sourceTree = "<group>";
		};
/* End PBXFileSystemSynchronizedRootGroup section */

/* Begin PBXFrameworksBuildPhase section */
		88DF77842D2B2ADA00539E8A /* Frameworks */ = {
			isa = PBXFrameworksBuildPhase;
			buildActionMask = 2147483647;
			files = (
				88D525C72D2E220500CB4A70 /* FirebaseAppCheck in Frameworks */,
				881649232D2ECA8E00700C66 /* FirebaseAuth in Frameworks */,
				88D525C12D2E220500CB4A70 /* FirebaseAnalytics in Frameworks */,
				88D525C92D2E220500CB4A70 /* FirebaseAppDistribution-Beta in Frameworks */,
				881649252D2ECAB600700C66 /* FirebaseCore in Frameworks */,
				881649272D301F3D00700C66 /* FirebaseFirestore in Frameworks */,
				88D525C52D2E220500CB4A70 /* FirebaseAnalyticsWithoutAdIdSupport in Frameworks */,
				88D525C32D2E220500CB4A70 /* FirebaseAnalyticsOnDeviceConversion in Frameworks */,
			);
			runOnlyForDeploymentPostprocessing = 0;
		};
		88DF77942D2B2ADB00539E8A /* Frameworks */ = {
			isa = PBXFrameworksBuildPhase;
			buildActionMask = 2147483647;
			files = (
			);
			runOnlyForDeploymentPostprocessing = 0;
		};
		88DF779E2D2B2ADB00539E8A /* Frameworks */ = {
			isa = PBXFrameworksBuildPhase;
			buildActionMask = 2147483647;
			files = (
			);
			runOnlyForDeploymentPostprocessing = 0;
		};
/* End PBXFrameworksBuildPhase section */

/* Begin PBXGroup section */
		881649212D2ECA8E00700C66 /* Frameworks */ = {
			isa = PBXGroup;
			children = (
			);
			name = Frameworks;
			sourceTree = "<group>";
		};
		88DF777E2D2B2ADA00539E8A = {
			isa = PBXGroup;
			children = (
				88DF77892D2B2ADA00539E8A /* Connex */,
				88DF779A2D2B2ADB00539E8A /* ConnexTests */,
				88DF77A42D2B2ADB00539E8A /* ConnexUITests */,
				881649212D2ECA8E00700C66 /* Frameworks */,
				88DF77882D2B2ADA00539E8A /* Products */,
			);
			sourceTree = "<group>";
		};
		88DF77882D2B2ADA00539E8A /* Products */ = {
			isa = PBXGroup;
			children = (
				88DF77872D2B2ADA00539E8A /* Connex.app */,
				88DF77972D2B2ADB00539E8A /* ConnexTests.xctest */,
				88DF77A12D2B2ADB00539E8A /* ConnexUITests.xctest */,
			);
			name = Products;
			sourceTree = "<group>";
		};
/* End PBXGroup section */

/* Begin PBXNativeTarget section */
		88DF77862D2B2ADA00539E8A /* Connex */ = {
			isa = PBXNativeTarget;
			buildConfigurationList = 88DF77AB2D2B2ADB00539E8A /* Build configuration list for PBXNativeTarget "Connex" */;
			buildPhases = (
				88DF77832D2B2ADA00539E8A /* Sources */,
				88DF77842D2B2ADA00539E8A /* Frameworks */,
				88DF77852D2B2ADA00539E8A /* Resources */,
			);
			buildRules = (
			);
			dependencies = (
			);
			fileSystemSynchronizedGroups = (
				88DF77892D2B2ADA00539E8A /* Connex */,
			);
			name = Connex;
			packageProductDependencies = (
				88D525C02D2E220500CB4A70 /* FirebaseAnalytics */,
				88D525C22D2E220500CB4A70 /* FirebaseAnalyticsOnDeviceConversion */,
				88D525C42D2E220500CB4A70 /* FirebaseAnalyticsWithoutAdIdSupport */,
				88D525C62D2E220500CB4A70 /* FirebaseAppCheck */,
				88D525C82D2E220500CB4A70 /* FirebaseAppDistribution-Beta */,
				881649222D2ECA8E00700C66 /* FirebaseAuth */,
				881649242D2ECAB600700C66 /* FirebaseCore */,
				881649262D301F3D00700C66 /* FirebaseFirestore */,
			);
			productName = Connex;
			productReference = 88DF77872D2B2ADA00539E8A /* Connex.app */;
			productType = "com.apple.product-type.application";
		};
		88DF77962D2B2ADB00539E8A /* ConnexTests */ = {
			isa = PBXNativeTarget;
			buildConfigurationList = 88DF77AE2D2B2ADB00539E8A /* Build configuration list for PBXNativeTarget "ConnexTests" */;
			buildPhases = (
				88DF77932D2B2ADB00539E8A /* Sources */,
				88DF77942D2B2ADB00539E8A /* Frameworks */,
				88DF77952D2B2ADB00539E8A /* Resources */,
			);
			buildRules = (
			);
			dependencies = (
				88DF77992D2B2ADB00539E8A /* PBXTargetDependency */,
			);
			fileSystemSynchronizedGroups = (
				88DF779A2D2B2ADB00539E8A /* ConnexTests */,
			);
			name = ConnexTests;
			packageProductDependencies = (
			);
			productName = ConnexTests;
			productReference = 88DF77972D2B2ADB00539E8A /* ConnexTests.xctest */;
			productType = "com.apple.product-type.bundle.unit-test";
		};
		88DF77A02D2B2ADB00539E8A /* ConnexUITests */ = {
			isa = PBXNativeTarget;
			buildConfigurationList = 88DF77B12D2B2ADB00539E8A /* Build configuration list for PBXNativeTarget "ConnexUITests" */;
			buildPhases = (
				88DF779D2D2B2ADB00539E8A /* Sources */,
				88DF779E2D2B2ADB00539E8A /* Frameworks */,
				88DF779F2D2B2ADB00539E8A /* Resources */,
			);
			buildRules = (
			);
			dependencies = (
				88DF77A32D2B2ADB00539E8A /* PBXTargetDependency */,
			);
			fileSystemSynchronizedGroups = (
				88DF77A42D2B2ADB00539E8A /* ConnexUITests */,
			);
			name = ConnexUITests;
			packageProductDependencies = (
			);
			productName = ConnexUITests;
			productReference = 88DF77A12D2B2ADB00539E8A /* ConnexUITests.xctest */;
			productType = "com.apple.product-type.bundle.ui-testing";
		};
/* End PBXNativeTarget section */

/* Begin PBXProject section */
		88DF777F2D2B2ADA00539E8A /* Project object */ = {
			isa = PBXProject;
			attributes = {
				BuildIndependentTargetsInParallel = 1;
				LastSwiftUpdateCheck = 1620;
				LastUpgradeCheck = 1620;
				TargetAttributes = {
					88DF77862D2B2ADA00539E8A = {
						CreatedOnToolsVersion = 16.2;
					};
					88DF77962D2B2ADB00539E8A = {
						CreatedOnToolsVersion = 16.2;
						TestTargetID = 88DF77862D2B2ADA00539E8A;
					};
					88DF77A02D2B2ADB00539E8A = {
						CreatedOnToolsVersion = 16.2;
						TestTargetID = 88DF77862D2B2ADA00539E8A;
					};
				};
			};
			buildConfigurationList = 88DF77822D2B2ADA00539E8A /* Build configuration list for PBXProject "Connex" */;
			developmentRegion = en;
			hasScannedForEncodings = 0;
			knownRegions = (
				en,
				Base,
			);
			mainGroup = 88DF777E2D2B2ADA00539E8A;
			minimizedProjectReferenceProxies = 1;
			packageReferences = (
				88D525BF2D2E220500CB4A70 /* XCRemoteSwiftPackageReference "firebase-ios-sdk" */,
			);
			preferredProjectObjectVersion = 77;
			productRefGroup = 88DF77882D2B2ADA00539E8A /* Products */;
			projectDirPath = "";
			projectRoot = "";
			targets = (
				88DF77862D2B2ADA00539E8A /* Connex */,
				88DF77962D2B2ADB00539E8A /* ConnexTests */,
				88DF77A02D2B2ADB00539E8A /* ConnexUITests */,
			);
		};
/* End PBXProject section */

/* Begin PBXResourcesBuildPhase section */
		88DF77852D2B2ADA00539E8A /* Resources */ = {
			isa = PBXResourcesBuildPhase;
			buildActionMask = 2147483647;
			files = (
			);
			runOnlyForDeploymentPostprocessing = 0;
		};
		88DF77952D2B2ADB00539E8A /* Resources */ = {
			isa = PBXResourcesBuildPhase;
			buildActionMask = 2147483647;
			files = (
			);
			runOnlyForDeploymentPostprocessing = 0;
		};
		88DF779F2D2B2ADB00539E8A /* Resources */ = {
			isa = PBXResourcesBuildPhase;
			buildActionMask = 2147483647;
			files = (
			);
			runOnlyForDeploymentPostprocessing = 0;
		};
/* End PBXResourcesBuildPhase section */

/* Begin PBXSourcesBuildPhase section */
		88DF77832D2B2ADA00539E8A /* Sources */ = {
			isa = PBXSourcesBuildPhase;
			buildActionMask = 2147483647;
			files = (
			);
			runOnlyForDeploymentPostprocessing = 0;
		};
		88DF77932D2B2ADB00539E8A /* Sources */ = {
			isa = PBXSourcesBuildPhase;
			buildActionMask = 2147483647;
			files = (
			);
			runOnlyForDeploymentPostprocessing = 0;
		};
		88DF779D2D2B2ADB00539E8A /* Sources */ = {
			isa = PBXSourcesBuildPhase;
			buildActionMask = 2147483647;
			files = (
			);
			runOnlyForDeploymentPostprocessing = 0;
		};
/* End PBXSourcesBuildPhase section */

/* Begin PBXTargetDependency section */
		88DF77992D2B2ADB00539E8A /* PBXTargetDependency */ = {
			isa = PBXTargetDependency;
			target = 88DF77862D2B2ADA00539E8A /* Connex */;
			targetProxy = 88DF77982D2B2ADB00539E8A /* PBXContainerItemProxy */;
		};
		88DF77A32D2B2ADB00539E8A /* PBXTargetDependency */ = {
			isa = PBXTargetDependency;
			target = 88DF77862D2B2ADA00539E8A /* Connex */;
			targetProxy = 88DF77A22D2B2ADB00539E8A /* PBXContainerItemProxy */;
		};
/* End PBXTargetDependency section */

/* Begin XCBuildConfiguration section */
		88DF77A92D2B2ADB00539E8A /* Debug */ = {
			isa = XCBuildConfiguration;
			buildSettings = {
				ALWAYS_SEARCH_USER_PATHS = NO;
				ASSETCATALOG_COMPILER_GENERATE_SWIFT_ASSET_SYMBOL_EXTENSIONS = YES;
				CLANG_ANALYZER_NONNULL = YES;
				CLANG_ANALYZER_NUMBER_OBJECT_CONVERSION = YES_AGGRESSIVE;
				CLANG_CXX_LANGUAGE_STANDARD = "gnu++20";
				CLANG_ENABLE_MODULES = YES;
				CLANG_ENABLE_OBJC_ARC = YES;
				CLANG_ENABLE_OBJC_WEAK = YES;
				CLANG_WARN_BLOCK_CAPTURE_AUTORELEASING = YES;
				CLANG_WARN_BOOL_CONVERSION = YES;
				CLANG_WARN_COMMA = YES;
				CLANG_WARN_CONSTANT_CONVERSION = YES;
				CLANG_WARN_DEPRECATED_OBJC_IMPLEMENTATIONS = YES;
				CLANG_WARN_DIRECT_OBJC_ISA_USAGE = YES_ERROR;
				CLANG_WARN_DOCUMENTATION_COMMENTS = YES;
				CLANG_WARN_EMPTY_BODY = YES;
				CLANG_WARN_ENUM_CONVERSION = YES;
				CLANG_WARN_INFINITE_RECURSION = YES;
				CLANG_WARN_INT_CONVERSION = YES;
				CLANG_WARN_NON_LITERAL_NULL_CONVERSION = YES;
				CLANG_WARN_OBJC_IMPLICIT_RETAIN_SELF = YES;
				CLANG_WARN_OBJC_LITERAL_CONVERSION = YES;
				CLANG_WARN_OBJC_ROOT_CLASS = YES_ERROR;
				CLANG_WARN_QUOTED_INCLUDE_IN_FRAMEWORK_HEADER = YES;
				CLANG_WARN_RANGE_LOOP_ANALYSIS = YES;
				CLANG_WARN_STRICT_PROTOTYPES = YES;
				CLANG_WARN_SUSPICIOUS_MOVE = YES;
				CLANG_WARN_UNGUARDED_AVAILABILITY = YES_AGGRESSIVE;
				CLANG_WARN_UNREACHABLE_CODE = YES;
				CLANG_WARN__DUPLICATE_METHOD_MATCH = YES;
				COPY_PHASE_STRIP = NO;
				DEBUG_INFORMATION_FORMAT = dwarf;
				ENABLE_STRICT_OBJC_MSGSEND = YES;
				ENABLE_TESTABILITY = YES;
				ENABLE_USER_SCRIPT_SANDBOXING = YES;
				GCC_C_LANGUAGE_STANDARD = gnu17;
				GCC_DYNAMIC_NO_PIC = NO;
				GCC_NO_COMMON_BLOCKS = YES;
				GCC_OPTIMIZATION_LEVEL = 0;
				GCC_PREPROCESSOR_DEFINITIONS = (
					"DEBUG=1",
					"$(inherited)",
				);
				GCC_WARN_64_TO_32_BIT_CONVERSION = YES;
				GCC_WARN_ABOUT_RETURN_TYPE = YES_ERROR;
				GCC_WARN_UNDECLARED_SELECTOR = YES;
				GCC_WARN_UNINITIALIZED_AUTOS = YES_AGGRESSIVE;
				GCC_WARN_UNUSED_FUNCTION = YES;
				GCC_WARN_UNUSED_VARIABLE = YES;
				IPHONEOS_DEPLOYMENT_TARGET = 18.2;
				LOCALIZATION_PREFERS_STRING_CATALOGS = YES;
				MTL_ENABLE_DEBUG_INFO = INCLUDE_SOURCE;
				MTL_FAST_MATH = YES;
				ONLY_ACTIVE_ARCH = YES;
				SDKROOT = iphoneos;
				SWIFT_ACTIVE_COMPILATION_CONDITIONS = "DEBUG $(inherited)";
				SWIFT_OPTIMIZATION_LEVEL = "-Onone";
			};
			name = Debug;
		};
		88DF77AA2D2B2ADB00539E8A /* Release */ = {
			isa = XCBuildConfiguration;
			buildSettings = {
				ALWAYS_SEARCH_USER_PATHS = NO;
				ASSETCATALOG_COMPILER_GENERATE_SWIFT_ASSET_SYMBOL_EXTENSIONS = YES;
				CLANG_ANALYZER_NONNULL = YES;
				CLANG_ANALYZER_NUMBER_OBJECT_CONVERSION = YES_AGGRESSIVE;
				CLANG_CXX_LANGUAGE_STANDARD = "gnu++20";
				CLANG_ENABLE_MODULES = YES;
				CLANG_ENABLE_OBJC_ARC = YES;
				CLANG_ENABLE_OBJC_WEAK = YES;
				CLANG_WARN_BLOCK_CAPTURE_AUTORELEASING = YES;
				CLANG_WARN_BOOL_CONVERSION = YES;
				CLANG_WARN_COMMA = YES;
				CLANG_WARN_CONSTANT_CONVERSION = YES;
				CLANG_WARN_DEPRECATED_OBJC_IMPLEMENTATIONS = YES;
				CLANG_WARN_DIRECT_OBJC_ISA_USAGE = YES_ERROR;
				CLANG_WARN_DOCUMENTATION_COMMENTS = YES;
				CLANG_WARN_EMPTY_BODY = YES;
				CLANG_WARN_ENUM_CONVERSION = YES;
				CLANG_WARN_INFINITE_RECURSION = YES;
				CLANG_WARN_INT_CONVERSION = YES;
				CLANG_WARN_NON_LITERAL_NULL_CONVERSION = YES;
				CLANG_WARN_OBJC_IMPLICIT_RETAIN_SELF = YES;
				CLANG_WARN_OBJC_LITERAL_CONVERSION = YES;
				CLANG_WARN_OBJC_ROOT_CLASS = YES_ERROR;
				CLANG_WARN_QUOTED_INCLUDE_IN_FRAMEWORK_HEADER = YES;
				CLANG_WARN_RANGE_LOOP_ANALYSIS = YES;
				CLANG_WARN_STRICT_PROTOTYPES = YES;
				CLANG_WARN_SUSPICIOUS_MOVE = YES;
				CLANG_WARN_UNGUARDED_AVAILABILITY = YES_AGGRESSIVE;
				CLANG_WARN_UNREACHABLE_CODE = YES;
				CLANG_WARN__DUPLICATE_METHOD_MATCH = YES;
				COPY_PHASE_STRIP = NO;
				DEBUG_INFORMATION_FORMAT = "dwarf-with-dsym";
				ENABLE_NS_ASSERTIONS = NO;
				ENABLE_STRICT_OBJC_MSGSEND = YES;
				ENABLE_USER_SCRIPT_SANDBOXING = YES;
				GCC_C_LANGUAGE_STANDARD = gnu17;
				GCC_NO_COMMON_BLOCKS = YES;
				GCC_WARN_64_TO_32_BIT_CONVERSION = YES;
				GCC_WARN_ABOUT_RETURN_TYPE = YES_ERROR;
				GCC_WARN_UNDECLARED_SELECTOR = YES;
				GCC_WARN_UNINITIALIZED_AUTOS = YES_AGGRESSIVE;
				GCC_WARN_UNUSED_FUNCTION = YES;
				GCC_WARN_UNUSED_VARIABLE = YES;
				IPHONEOS_DEPLOYMENT_TARGET = 18.2;
				LOCALIZATION_PREFERS_STRING_CATALOGS = YES;
				MTL_ENABLE_DEBUG_INFO = NO;
				MTL_FAST_MATH = YES;
				SDKROOT = iphoneos;
				SWIFT_COMPILATION_MODE = wholemodule;
				VALIDATE_PRODUCT = YES;
			};
			name = Release;
		};
		88DF77AC2D2B2ADB00539E8A /* Debug */ = {
			isa = XCBuildConfiguration;
			buildSettings = {
				ASSETCATALOG_COMPILER_APPICON_NAME = AppIcon;
				ASSETCATALOG_COMPILER_GLOBAL_ACCENT_COLOR_NAME = AccentColor;
				CODE_SIGN_STYLE = Automatic;
				CURRENT_PROJECT_VERSION = 1;
				DEVELOPMENT_ASSET_PATHS = "\"Connex/Preview Content\"";
				ENABLE_PREVIEWS = YES;
				GENERATE_INFOPLIST_FILE = YES;
				INFOPLIST_KEY_UIApplicationSceneManifest_Generation = YES;
				INFOPLIST_KEY_UIApplicationSupportsIndirectInputEvents = YES;
				INFOPLIST_KEY_UILaunchScreen_Generation = YES;
				INFOPLIST_KEY_UISupportedInterfaceOrientations_iPad = "UIInterfaceOrientationPortrait UIInterfaceOrientationPortraitUpsideDown UIInterfaceOrientationLandscapeLeft UIInterfaceOrientationLandscapeRight";
				INFOPLIST_KEY_UISupportedInterfaceOrientations_iPhone = "UIInterfaceOrientationPortrait UIInterfaceOrientationLandscapeLeft UIInterfaceOrientationLandscapeRight";
				LD_RUNPATH_SEARCH_PATHS = (
					"$(inherited)",
					"@executable_path/Frameworks",
				);
				MARKETING_VERSION = 1.0;
				PRODUCT_BUNDLE_IDENTIFIER = com.VatsalPandya.Connex;
				PRODUCT_NAME = "$(TARGET_NAME)";
				SWIFT_EMIT_LOC_STRINGS = YES;
				SWIFT_VERSION = 5.0;
				TARGETED_DEVICE_FAMILY = "1,2";
			};
			name = Debug;
		};
		88DF77AD2D2B2ADB00539E8A /* Release */ = {
			isa = XCBuildConfiguration;
			buildSettings = {
				ASSETCATALOG_COMPILER_APPICON_NAME = AppIcon;
				ASSETCATALOG_COMPILER_GLOBAL_ACCENT_COLOR_NAME = AccentColor;
				CODE_SIGN_STYLE = Automatic;
				CURRENT_PROJECT_VERSION = 1;
				DEVELOPMENT_ASSET_PATHS = "\"Connex/Preview Content\"";
				ENABLE_PREVIEWS = YES;
				GENERATE_INFOPLIST_FILE = YES;
				INFOPLIST_KEY_UIApplicationSceneManifest_Generation = YES;
				INFOPLIST_KEY_UIApplicationSupportsIndirectInputEvents = YES;
				INFOPLIST_KEY_UILaunchScreen_Generation = YES;
				INFOPLIST_KEY_UISupportedInterfaceOrientations_iPad = "UIInterfaceOrientationPortrait UIInterfaceOrientationPortraitUpsideDown UIInterfaceOrientationLandscapeLeft UIInterfaceOrientationLandscapeRight";
				INFOPLIST_KEY_UISupportedInterfaceOrientations_iPhone = "UIInterfaceOrientationPortrait UIInterfaceOrientationLandscapeLeft UIInterfaceOrientationLandscapeRight";
				LD_RUNPATH_SEARCH_PATHS = (
					"$(inherited)",
					"@executable_path/Frameworks",
				);
				MARKETING_VERSION = 1.0;
				PRODUCT_BUNDLE_IDENTIFIER = com.VatsalPandya.Connex;
				PRODUCT_NAME = "$(TARGET_NAME)";
				SWIFT_EMIT_LOC_STRINGS = YES;
				SWIFT_VERSION = 5.0;
				TARGETED_DEVICE_FAMILY = "1,2";
			};
			name = Release;
		};
		88DF77AF2D2B2ADB00539E8A /* Debug */ = {
			isa = XCBuildConfiguration;
			buildSettings = {
				BUNDLE_LOADER = "$(TEST_HOST)";
				CODE_SIGN_STYLE = Automatic;
				CURRENT_PROJECT_VERSION = 1;
				GENERATE_INFOPLIST_FILE = YES;
				IPHONEOS_DEPLOYMENT_TARGET = 18.2;
				MARKETING_VERSION = 1.0;
				PRODUCT_BUNDLE_IDENTIFIER = com.VatsalPandya.ConnexTests;
				PRODUCT_NAME = "$(TARGET_NAME)";
				SWIFT_EMIT_LOC_STRINGS = NO;
				SWIFT_VERSION = 5.0;
				TARGETED_DEVICE_FAMILY = "1,2";
				TEST_HOST = "$(BUILT_PRODUCTS_DIR)/Connex.app/$(BUNDLE_EXECUTABLE_FOLDER_PATH)/Connex";
			};
			name = Debug;
		};
		88DF77B02D2B2ADB00539E8A /* Release */ = {
			isa = XCBuildConfiguration;
			buildSettings = {
				BUNDLE_LOADER = "$(TEST_HOST)";
				CODE_SIGN_STYLE = Automatic;
				CURRENT_PROJECT_VERSION = 1;
				GENERATE_INFOPLIST_FILE = YES;
				IPHONEOS_DEPLOYMENT_TARGET = 18.2;
				MARKETING_VERSION = 1.0;
				PRODUCT_BUNDLE_IDENTIFIER = com.VatsalPandya.ConnexTests;
				PRODUCT_NAME = "$(TARGET_NAME)";
				SWIFT_EMIT_LOC_STRINGS = NO;
				SWIFT_VERSION = 5.0;
				TARGETED_DEVICE_FAMILY = "1,2";
				TEST_HOST = "$(BUILT_PRODUCTS_DIR)/Connex.app/$(BUNDLE_EXECUTABLE_FOLDER_PATH)/Connex";
			};
			name = Release;
		};
		88DF77B22D2B2ADB00539E8A /* Debug */ = {
			isa = XCBuildConfiguration;
			buildSettings = {
				CODE_SIGN_STYLE = Automatic;
				CURRENT_PROJECT_VERSION = 1;
				GENERATE_INFOPLIST_FILE = YES;
				MARKETING_VERSION = 1.0;
				PRODUCT_BUNDLE_IDENTIFIER = com.VatsalPandya.ConnexUITests;
				PRODUCT_NAME = "$(TARGET_NAME)";
				SWIFT_EMIT_LOC_STRINGS = NO;
				SWIFT_VERSION = 5.0;
				TARGETED_DEVICE_FAMILY = "1,2";
				TEST_TARGET_NAME = Connex;
			};
			name = Debug;
		};
		88DF77B32D2B2ADB00539E8A /* Release */ = {
			isa = XCBuildConfiguration;
			buildSettings = {
				CODE_SIGN_STYLE = Automatic;
				CURRENT_PROJECT_VERSION = 1;
				GENERATE_INFOPLIST_FILE = YES;
				MARKETING_VERSION = 1.0;
				PRODUCT_BUNDLE_IDENTIFIER = com.VatsalPandya.ConnexUITests;
				PRODUCT_NAME = "$(TARGET_NAME)";
				SWIFT_EMIT_LOC_STRINGS = NO;
				SWIFT_VERSION = 5.0;
				TARGETED_DEVICE_FAMILY = "1,2";
				TEST_TARGET_NAME = Connex;
			};
			name = Release;
		};
/* End XCBuildConfiguration section */

/* Begin XCConfigurationList section */
		88DF77822D2B2ADA00539E8A /* Build configuration list for PBXProject "Connex" */ = {
			isa = XCConfigurationList;
			buildConfigurations = (
				88DF77A92D2B2ADB00539E8A /* Debug */,
				88DF77AA2D2B2ADB00539E8A /* Release */,
			);
			defaultConfigurationIsVisible = 0;
			defaultConfigurationName = Release;
		};
		88DF77AB2D2B2ADB00539E8A /* Build configuration list for PBXNativeTarget "Connex" */ = {
			isa = XCConfigurationList;
			buildConfigurations = (
				88DF77AC2D2B2ADB00539E8A /* Debug */,
				88DF77AD2D2B2ADB00539E8A /* Release */,
			);
			defaultConfigurationIsVisible = 0;
			defaultConfigurationName = Release;
		};
		88DF77AE2D2B2ADB00539E8A /* Build configuration list for PBXNativeTarget "ConnexTests" */ = {
			isa = XCConfigurationList;
			buildConfigurations = (
				88DF77AF2D2B2ADB00539E8A /* Debug */,
				88DF77B02D2B2ADB00539E8A /* Release */,
			);
			defaultConfigurationIsVisible = 0;
			defaultConfigurationName = Release;
		};
		88DF77B12D2B2ADB00539E8A /* Build configuration list for PBXNativeTarget "ConnexUITests" */ = {
			isa = XCConfigurationList;
			buildConfigurations = (
				88DF77B22D2B2ADB00539E8A /* Debug */,
				88DF77B32D2B2ADB00539E8A /* Release */,
			);
			defaultConfigurationIsVisible = 0;
			defaultConfigurationName = Release;
		};
/* End XCConfigurationList section */

/* Begin XCRemoteSwiftPackageReference section */
		88D525BF2D2E220500CB4A70 /* XCRemoteSwiftPackageReference "firebase-ios-sdk" */ = {
			isa = XCRemoteSwiftPackageReference;
			repositoryURL = "https://github.com/firebase/firebase-ios-sdk.git";
			requirement = {
				kind = upToNextMajorVersion;
				minimumVersion = 11.6.0;
			};
		};
/* End XCRemoteSwiftPackageReference section */

/* Begin XCSwiftPackageProductDependency section */
		881649222D2ECA8E00700C66 /* FirebaseAuth */ = {
			isa = XCSwiftPackageProductDependency;
			package = 88D525BF2D2E220500CB4A70 /* XCRemoteSwiftPackageReference "firebase-ios-sdk" */;
			productName = FirebaseAuth;
		};
		881649242D2ECAB600700C66 /* FirebaseCore */ = {
			isa = XCSwiftPackageProductDependency;
			package = 88D525BF2D2E220500CB4A70 /* XCRemoteSwiftPackageReference "firebase-ios-sdk" */;
			productName = FirebaseCore;
		};
		881649262D301F3D00700C66 /* FirebaseFirestore */ = {
			isa = XCSwiftPackageProductDependency;
			package = 88D525BF2D2E220500CB4A70 /* XCRemoteSwiftPackageReference "firebase-ios-sdk" */;
			productName = FirebaseFirestore;
		};
		88D525C02D2E220500CB4A70 /* FirebaseAnalytics */ = {
			isa = XCSwiftPackageProductDependency;
			package = 88D525BF2D2E220500CB4A70 /* XCRemoteSwiftPackageReference "firebase-ios-sdk" */;
			productName = FirebaseAnalytics;
		};
		88D525C22D2E220500CB4A70 /* FirebaseAnalyticsOnDeviceConversion */ = {
			isa = XCSwiftPackageProductDependency;
			package = 88D525BF2D2E220500CB4A70 /* XCRemoteSwiftPackageReference "firebase-ios-sdk" */;
			productName = FirebaseAnalyticsOnDeviceConversion;
		};
		88D525C42D2E220500CB4A70 /* FirebaseAnalyticsWithoutAdIdSupport */ = {
			isa = XCSwiftPackageProductDependency;
			package = 88D525BF2D2E220500CB4A70 /* XCRemoteSwiftPackageReference "firebase-ios-sdk" */;
			productName = FirebaseAnalyticsWithoutAdIdSupport;
		};
		88D525C62D2E220500CB4A70 /* FirebaseAppCheck */ = {
			isa = XCSwiftPackageProductDependency;
			package = 88D525BF2D2E220500CB4A70 /* XCRemoteSwiftPackageReference "firebase-ios-sdk" */;
			productName = FirebaseAppCheck;
		};
		88D525C82D2E220500CB4A70 /* FirebaseAppDistribution-Beta */ = {
			isa = XCSwiftPackageProductDependency;
			package = 88D525BF2D2E220500CB4A70 /* XCRemoteSwiftPackageReference "firebase-ios-sdk" */;
			productName = "FirebaseAppDistribution-Beta";
		};
/* End XCSwiftPackageProductDependency section */
	};
	rootObject = 88DF777F2D2B2ADA00539E8A /* Project object */;
}
